lockfileVersion: '9.0'

settings:
  autoInstallPeers: true
  excludeLinksFromLockfile: false

importers:

  .:
    dependencies:
      i18next:
        specifier: ^25.7.1
        version: 25.7.1
      i18next-browser-languagedetector:
        specifier: ^8.2.0
        version: 8.2.0
      react-i18next:
        specifier: ^16.3.5
        version: 16.3.5(i18next@25.7.1)(react@19.2.1)

packages:

  '@babel/runtime@7.28.4':
    resolution: {integrity: sha512-Q/N6JNWvIvPnLDvjlE1OUBLPQHH6l3CltCEsHIujp45zQUSSh8K+gHnaEX45yAT1nyngnINhvWtzN+Nb9D8RAQ==}
    engines: {node: '>=6.9.0'}

  html-parse-stringify@3.0.1:
    resolution: {integrity: sha512-KknJ50kTInJ7qIScF3jeaFRpMpE8/lfiTdzf/twXyPBLAGrLRTmkz3AdTnKeh40X8k9L2fdYwEp/42WGXIRGcg==}

  i18next-browser-languagedetector@8.2.0:
    resolution: {integrity: sha512-P+3zEKLnOF0qmiesW383vsLdtQVyKtCNA9cjSoKCppTKPQVfKd2W8hbVo5ZhNJKDqeM7BOcvNoKJOjpHh4Js9g==}

  i18next@25.7.1:
    resolution: {integrity: sha512-XbTnkh1yCZWSAZGnA9xcQfHcYNgZs2cNxm+c6v1Ma9UAUGCeJPplRe1ILia6xnDvXBjk0uXU+Z8FYWhA19SKFw==}
    peerDependencies:
      typescript: ^5
    peerDependenciesMeta:
      typescript:
        optional: true

  react-i18next@16.3.5:
    resolution: {integrity: sha512-F7Kglc+T0aE6W2rO5eCAFBEuWRpNb5IFmXOYEgztjZEuiuSLTe/xBIEG6Q3S0fbl8GXMNo+Q7gF8bpokFNWJww==}
    peerDependencies:
      i18next: '>= 25.6.2'
      react: '>= 16.8.0'
      react-dom: '*'
      react-native: '*'
      typescript: ^5
    peerDependenciesMeta:
      react-dom:
        optional: true
      react-native:
        optional: true
      typescript:
        optional: true

  react@19.2.1:
    resolution: {integrity: sha512-DGrYcCWK7tvYMnWh79yrPHt+vdx9tY+1gPZa7nJQtO/p8bLTDaHp4dzwEhQB7pZ4Xe3ok4XKuEPrVuc+wlpkmw==}
    engines: {node: '>=0.10.0'}

  use-sync-external-store@1.6.0:
    resolution: {integrity: sha512-Pp6GSwGP/NrPIrxVFAIkOQeyw8lFenOHijQWkUTrDvrF4ALqylP2C/KCkeS9dpUM3KvYRQhna5vt7IL95+ZQ9w==}
    peerDependencies:
      react: ^16.8.0 || ^17.0.0 || ^18.0.0 || ^19.0.0

  void-elements@3.1.0:
    resolution: {integrity: sha512-Dhxzh5HZuiHQhbvTW9AMetFfBHDMYpo23Uo9btPXgdYP+3T5S+p+jgNy7spra+veYhBP2dCSgxR/i2Y02h5/6w==}
    engines: {node: '>=0.10.0'}

snapshots:

  '@babel/runtime@7.28.4': {}

  html-parse-stringify@3.0.1:
    dependencies:
      void-elements: 3.1.0

  i18next-browser-languagedetector@8.2.0:
    dependencies:
      '@babel/runtime': 7.28.4

  i18next@25.7.1:
    dependencies:
      '@babel/runtime': 7.28.4

  react-i18next@16.3.5(i18next@25.7.1)(react@19.2.1):
    dependencies:
      '@babel/runtime': 7.28.4
      html-parse-stringify: 3.0.1
      i18next: 25.7.1
      react: 19.2.1
      use-sync-external-store: 1.6.0(react@19.2.1)

  react@19.2.1: {}

  use-sync-external-store@1.6.0(react@19.2.1):
    dependencies:
      react: 19.2.1

  void-elements@3.1.0: {}
